
Microsoft Visual Studio Solution File, Format Version 12.00
# Visual Studio Version 17
VisualStudioVersion = 17.9.34701.34
MinimumVisualStudioVersion = 10.0.40219.1
Project("{2150E333-8FDC-42A3-9474-1A3956D46DE8}") = "1.API-ADMIN", "1.API-ADMIN", "{4C7AB54D-5229-4327-A230-96D875BBC201}"
EndProject
Project("{2150E333-8FDC-42A3-9474-1A3956D46DE8}") = "1.UI", "1.UI", "{E1BBCBE7-767D-4D10-85FF-BC55473AAB91}"
EndProject
Project("{2150E333-8FDC-42A3-9474-1A3956D46DE8}") = "2.API", "2.API", "{D5B7F6DF-0399-4B88-951B-2962BEA483C2}"
EndProject
Project("{2150E333-8FDC-42A3-9474-1A3956D46DE8}") = "3.CORE", "3.CORE", "{AA96773E-B1DD-4588-B61B-975F825E6409}"
EndProject
Project("{2150E333-8FDC-42A3-9474-1A3956D46DE8}") = "4.MODELS", "4.MODELS", "{1019175D-0E9F-4BC8-AE89-3376D178FFA8}"
EndProject
Project("{2150E333-8FDC-42A3-9474-1A3956D46DE8}") = "COMMON", "COMMON", "{9F0DC5B8-98FD-4BF7-92F1-C9FE95B1910D}"
EndProject
Project("{9A19103F-16F7-4668-BE54-9A1E7A4F7556}") = "Admin.Entities", "Admin.Entities\Admin.Entities.csproj", "{93B3D3D0-A4DA-46F6-BFF4-0D4E32853DCC}"
EndProject
Project("{2150E333-8FDC-42A3-9474-1A3956D46DE8}") = "Elementos de la solución", "Elementos de la solución", "{545F6558-73BE-4874-BE3A-CC5F4A25810F}"
	ProjectSection(SolutionItems) = preProject
		..\yml\docker-compose.yml = ..\yml\docker-compose.yml
	EndProjectSection
EndProject
Project("{9A19103F-16F7-4668-BE54-9A1E7A4F7556}") = "Admin.DTO", "Admin.DTO\Admin.DTO.csproj", "{4FDB1EAA-B32C-4C96-8948-A1F5D8BAB498}"
EndProject
Project("{9A19103F-16F7-4668-BE54-9A1E7A4F7556}") = "Admin.Interfaces", "Admin.Interfaces\Admin.Interfaces.csproj", "{60CCEA83-910A-407D-987E-EA9D097C7548}"
EndProject
Project("{9A19103F-16F7-4668-BE54-9A1E7A4F7556}") = "Admin.Services", "Admin.Service\Admin.Services.csproj", "{8A560D8F-E8BF-4048-A87C-B3BD7CCAF13B}"
EndProject
Project("{9A19103F-16F7-4668-BE54-9A1E7A4F7556}") = "Admin.api", "Admin.api\Admin.api.csproj", "{BE7A4370-C220-45E8-8F73-3FD1FECC9029}"
EndProject
Project("{9A19103F-16F7-4668-BE54-9A1E7A4F7556}") = "Admin.UI", "Admin.UI\Admin.UI.csproj", "{61BAD074-986A-4A99-B6B1-BAC6E9B53BB2}"
EndProject
Project("{9A19103F-16F7-4668-BE54-9A1E7A4F7556}") = "Admin.Repositories", "Admin.Repositories\Admin.Repositories.csproj", "{F379284D-3736-45EB-B94B-92B3730897D0}"
EndProject
Project("{9A19103F-16F7-4668-BE54-9A1E7A4F7556}") = "Configurations", "Configurations\Configurations.csproj", "{3CC4297C-061E-4171-A765-B2E36890B7DD}"
EndProject
Project("{9A19103F-16F7-4668-BE54-9A1E7A4F7556}") = "IoC", "IoC\IoC.csproj", "{3C27B400-F402-451F-8BEA-D284305E06FC}"
EndProject
Project("{9A19103F-16F7-4668-BE54-9A1E7A4F7556}") = "Utilities", "Utilities\Utilities.csproj", "{CE93F948-0371-4880-AE45-10860F88AF51}"
EndProject
Project("{9A19103F-16F7-4668-BE54-9A1E7A4F7556}") = "ExternalConnections", "ExternalConnections\ExternalConnections.csproj", "{42B4DCDE-F2BE-4E1C-B0FB-9954B349BDDE}"
EndProject
Project("{9A19103F-16F7-4668-BE54-9A1E7A4F7556}") = "Admin.Cache", "Admin.Cache\Admin.Cache.csproj", "{80C70093-47FD-4F2B-B48E-3035D3037DFE}"
EndProject
Project("{9A19103F-16F7-4668-BE54-9A1E7A4F7556}") = "Admin.RabbitMQ", "RabbitMQ\Admin.RabbitMQ.csproj", "{E317DF11-EE15-4EB3-A8D6-9446D72FA9ED}"
EndProject
Project("{9A19103F-16F7-4668-BE54-9A1E7A4F7556}") = "Exceptions", "Exceptions\Exceptions.csproj", "{AAA5915A-9A92-4977-9CDC-852187FDEA4E}"
EndProject
Project("{9A19103F-16F7-4668-BE54-9A1E7A4F7556}") = "Admin.Validaciones", "Admin.Validaciones\Admin.Validaciones.csproj", "{81F809E6-6796-4083-87F3-036BADDD35DE}"
EndProject
Project("{9A19103F-16F7-4668-BE54-9A1E7A4F7556}") = "ServiceCall", "ServiceCall\ServiceCall.csproj", "{79716921-A21D-4D9E-9689-F62A7E11EFB5}"
EndProject
Project("{2150E333-8FDC-42A3-9474-1A3956D46DE8}") = "2.API-AUTH", "2.API-AUTH", "{37182D4C-87D7-4616-B3C1-3A4604BB976C}"
EndProject
Project("{2150E333-8FDC-42A3-9474-1A3956D46DE8}") = "1.UI", "1.UI", "{959A3325-9A37-4D8C-957D-99AA041154A1}"
EndProject
Project("{2150E333-8FDC-42A3-9474-1A3956D46DE8}") = "2.API", "2.API", "{7CF5ACA3-991C-4CDD-870C-175A84678A48}"
EndProject
Project("{2150E333-8FDC-42A3-9474-1A3956D46DE8}") = "3.CORE", "3.CORE", "{2C4BF7A7-E899-4FCA-9EDC-4EC156D8AFEE}"
EndProject
Project("{2150E333-8FDC-42A3-9474-1A3956D46DE8}") = "MODELS", "MODELS", "{EF759DFF-F2B9-4A06-BABB-89C38A578E48}"
EndProject
Project("{9A19103F-16F7-4668-BE54-9A1E7A4F7556}") = "Api.Auth", "Api.Auth\Api.Auth.csproj", "{C29FF649-3026-4DB7-A634-52C7B911AEBE}"
EndProject
Project("{9A19103F-16F7-4668-BE54-9A1E7A4F7556}") = "Auth.DTO", "Auth.DTO\Auth.DTO.csproj", "{70B53CAF-F77D-4699-8E88-9176CCCC8B47}"
EndProject
Project("{9A19103F-16F7-4668-BE54-9A1E7A4F7556}") = "Auth.Interfaces", "Auth.Interfaces\Auth.Interfaces.csproj", "{406EE9E6-1E2C-453D-B669-62125D64AE6A}"
EndProject
Project("{9A19103F-16F7-4668-BE54-9A1E7A4F7556}") = "Auth.Service", "Auth.Service\Auth.Service.csproj", "{DD64BAFA-178A-4B17-ABF6-ED6B94936AD4}"
EndProject
Project("{9A19103F-16F7-4668-BE54-9A1E7A4F7556}") = "Auth.Validations", "Auth.Validations\Auth.Validations.csproj", "{CA47CA40-2847-485A-B62E-87503A8044A8}"
EndProject
Project("{9A19103F-16F7-4668-BE54-9A1E7A4F7556}") = "Auth.Cache", "Auth.Cache\Auth.Cache.csproj", "{1025AAF8-E58E-4C85-9112-16B381DD3950}"
EndProject
Project("{9A19103F-16F7-4668-BE54-9A1E7A4F7556}") = "Auth.Entities", "Auth.Entities\Auth.Entities.csproj", "{3DAFBE4F-5139-4FDD-865F-9E1DB402DE50}"
EndProject
Project("{9A19103F-16F7-4668-BE54-9A1E7A4F7556}") = "Auth.Repository", "Auth.Repository\Auth.Repository.csproj", "{871E4B63-DA11-420C-B71C-828E23EAE2C2}"
EndProject
Project("{9A19103F-16F7-4668-BE54-9A1E7A4F7556}") = "DTO", "DTO\DTO.csproj", "{B7A47D93-6A5F-4C91-AF78-6256CA387840}"
EndProject
Project("{9A19103F-16F7-4668-BE54-9A1E7A4F7556}") = "Interfaces", "Interfaces\Interfaces.csproj", "{6464DC58-1E29-4884-9BF9-2D42BF348308}"
EndProject
Project("{9A19103F-16F7-4668-BE54-9A1E7A4F7556}") = "Repository", "Repository\Repository.csproj", "{4E8AFE67-4F79-4541-8752-59F9BA0B11F7}"
EndProject
Global
	GlobalSection(SolutionConfigurationPlatforms) = preSolution
		Debug|Any CPU = Debug|Any CPU
		Release|Any CPU = Release|Any CPU
	EndGlobalSection
	GlobalSection(ProjectConfigurationPlatforms) = postSolution
		{93B3D3D0-A4DA-46F6-BFF4-0D4E32853DCC}.Debug|Any CPU.ActiveCfg = Debug|Any CPU
		{93B3D3D0-A4DA-46F6-BFF4-0D4E32853DCC}.Debug|Any CPU.Build.0 = Debug|Any CPU
		{93B3D3D0-A4DA-46F6-BFF4-0D4E32853DCC}.Release|Any CPU.ActiveCfg = Release|Any CPU
		{93B3D3D0-A4DA-46F6-BFF4-0D4E32853DCC}.Release|Any CPU.Build.0 = Release|Any CPU
		{4FDB1EAA-B32C-4C96-8948-A1F5D8BAB498}.Debug|Any CPU.ActiveCfg = Debug|Any CPU
		{4FDB1EAA-B32C-4C96-8948-A1F5D8BAB498}.Debug|Any CPU.Build.0 = Debug|Any CPU
		{4FDB1EAA-B32C-4C96-8948-A1F5D8BAB498}.Release|Any CPU.ActiveCfg = Release|Any CPU
		{4FDB1EAA-B32C-4C96-8948-A1F5D8BAB498}.Release|Any CPU.Build.0 = Release|Any CPU
		{60CCEA83-910A-407D-987E-EA9D097C7548}.Debug|Any CPU.ActiveCfg = Debug|Any CPU
		{60CCEA83-910A-407D-987E-EA9D097C7548}.Debug|Any CPU.Build.0 = Debug|Any CPU
		{60CCEA83-910A-407D-987E-EA9D097C7548}.Release|Any CPU.ActiveCfg = Release|Any CPU
		{60CCEA83-910A-407D-987E-EA9D097C7548}.Release|Any CPU.Build.0 = Release|Any CPU
		{8A560D8F-E8BF-4048-A87C-B3BD7CCAF13B}.Debug|Any CPU.ActiveCfg = Debug|Any CPU
		{8A560D8F-E8BF-4048-A87C-B3BD7CCAF13B}.Debug|Any CPU.Build.0 = Debug|Any CPU
		{8A560D8F-E8BF-4048-A87C-B3BD7CCAF13B}.Release|Any CPU.ActiveCfg = Release|Any CPU
		{8A560D8F-E8BF-4048-A87C-B3BD7CCAF13B}.Release|Any CPU.Build.0 = Release|Any CPU
		{BE7A4370-C220-45E8-8F73-3FD1FECC9029}.Debug|Any CPU.ActiveCfg = Debug|Any CPU
		{BE7A4370-C220-45E8-8F73-3FD1FECC9029}.Debug|Any CPU.Build.0 = Debug|Any CPU
		{BE7A4370-C220-45E8-8F73-3FD1FECC9029}.Release|Any CPU.ActiveCfg = Release|Any CPU
		{BE7A4370-C220-45E8-8F73-3FD1FECC9029}.Release|Any CPU.Build.0 = Release|Any CPU
		{61BAD074-986A-4A99-B6B1-BAC6E9B53BB2}.Debug|Any CPU.ActiveCfg = Debug|Any CPU
		{61BAD074-986A-4A99-B6B1-BAC6E9B53BB2}.Debug|Any CPU.Build.0 = Debug|Any CPU
		{61BAD074-986A-4A99-B6B1-BAC6E9B53BB2}.Release|Any CPU.ActiveCfg = Release|Any CPU
		{61BAD074-986A-4A99-B6B1-BAC6E9B53BB2}.Release|Any CPU.Build.0 = Release|Any CPU
		{F379284D-3736-45EB-B94B-92B3730897D0}.Debug|Any CPU.ActiveCfg = Debug|Any CPU
		{F379284D-3736-45EB-B94B-92B3730897D0}.Debug|Any CPU.Build.0 = Debug|Any CPU
		{F379284D-3736-45EB-B94B-92B3730897D0}.Release|Any CPU.ActiveCfg = Release|Any CPU
		{F379284D-3736-45EB-B94B-92B3730897D0}.Release|Any CPU.Build.0 = Release|Any CPU
		{3CC4297C-061E-4171-A765-B2E36890B7DD}.Debug|Any CPU.ActiveCfg = Debug|Any CPU
		{3CC4297C-061E-4171-A765-B2E36890B7DD}.Debug|Any CPU.Build.0 = Debug|Any CPU
		{3CC4297C-061E-4171-A765-B2E36890B7DD}.Release|Any CPU.ActiveCfg = Release|Any CPU
		{3CC4297C-061E-4171-A765-B2E36890B7DD}.Release|Any CPU.Build.0 = Release|Any CPU
		{3C27B400-F402-451F-8BEA-D284305E06FC}.Debug|Any CPU.ActiveCfg = Debug|Any CPU
		{3C27B400-F402-451F-8BEA-D284305E06FC}.Debug|Any CPU.Build.0 = Debug|Any CPU
		{3C27B400-F402-451F-8BEA-D284305E06FC}.Release|Any CPU.ActiveCfg = Release|Any CPU
		{3C27B400-F402-451F-8BEA-D284305E06FC}.Release|Any CPU.Build.0 = Release|Any CPU
		{CE93F948-0371-4880-AE45-10860F88AF51}.Debug|Any CPU.ActiveCfg = Debug|Any CPU
		{CE93F948-0371-4880-AE45-10860F88AF51}.Debug|Any CPU.Build.0 = Debug|Any CPU
		{CE93F948-0371-4880-AE45-10860F88AF51}.Release|Any CPU.ActiveCfg = Release|Any CPU
		{CE93F948-0371-4880-AE45-10860F88AF51}.Release|Any CPU.Build.0 = Release|Any CPU
		{42B4DCDE-F2BE-4E1C-B0FB-9954B349BDDE}.Debug|Any CPU.ActiveCfg = Debug|Any CPU
		{42B4DCDE-F2BE-4E1C-B0FB-9954B349BDDE}.Debug|Any CPU.Build.0 = Debug|Any CPU
		{42B4DCDE-F2BE-4E1C-B0FB-9954B349BDDE}.Release|Any CPU.ActiveCfg = Release|Any CPU
		{42B4DCDE-F2BE-4E1C-B0FB-9954B349BDDE}.Release|Any CPU.Build.0 = Release|Any CPU
		{80C70093-47FD-4F2B-B48E-3035D3037DFE}.Debug|Any CPU.ActiveCfg = Debug|Any CPU
		{80C70093-47FD-4F2B-B48E-3035D3037DFE}.Debug|Any CPU.Build.0 = Debug|Any CPU
		{80C70093-47FD-4F2B-B48E-3035D3037DFE}.Release|Any CPU.ActiveCfg = Release|Any CPU
		{80C70093-47FD-4F2B-B48E-3035D3037DFE}.Release|Any CPU.Build.0 = Release|Any CPU
		{E317DF11-EE15-4EB3-A8D6-9446D72FA9ED}.Debug|Any CPU.ActiveCfg = Debug|Any CPU
		{E317DF11-EE15-4EB3-A8D6-9446D72FA9ED}.Debug|Any CPU.Build.0 = Debug|Any CPU
		{E317DF11-EE15-4EB3-A8D6-9446D72FA9ED}.Release|Any CPU.ActiveCfg = Release|Any CPU
		{E317DF11-EE15-4EB3-A8D6-9446D72FA9ED}.Release|Any CPU.Build.0 = Release|Any CPU
		{AAA5915A-9A92-4977-9CDC-852187FDEA4E}.Debug|Any CPU.ActiveCfg = Debug|Any CPU
		{AAA5915A-9A92-4977-9CDC-852187FDEA4E}.Debug|Any CPU.Build.0 = Debug|Any CPU
		{AAA5915A-9A92-4977-9CDC-852187FDEA4E}.Release|Any CPU.ActiveCfg = Release|Any CPU
		{AAA5915A-9A92-4977-9CDC-852187FDEA4E}.Release|Any CPU.Build.0 = Release|Any CPU
		{81F809E6-6796-4083-87F3-036BADDD35DE}.Debug|Any CPU.ActiveCfg = Debug|Any CPU
		{81F809E6-6796-4083-87F3-036BADDD35DE}.Debug|Any CPU.Build.0 = Debug|Any CPU
		{81F809E6-6796-4083-87F3-036BADDD35DE}.Release|Any CPU.ActiveCfg = Release|Any CPU
		{81F809E6-6796-4083-87F3-036BADDD35DE}.Release|Any CPU.Build.0 = Release|Any CPU
		{79716921-A21D-4D9E-9689-F62A7E11EFB5}.Debug|Any CPU.ActiveCfg = Debug|Any CPU
		{79716921-A21D-4D9E-9689-F62A7E11EFB5}.Debug|Any CPU.Build.0 = Debug|Any CPU
		{79716921-A21D-4D9E-9689-F62A7E11EFB5}.Release|Any CPU.ActiveCfg = Release|Any CPU
		{79716921-A21D-4D9E-9689-F62A7E11EFB5}.Release|Any CPU.Build.0 = Release|Any CPU
		{C29FF649-3026-4DB7-A634-52C7B911AEBE}.Debug|Any CPU.ActiveCfg = Debug|Any CPU
		{C29FF649-3026-4DB7-A634-52C7B911AEBE}.Debug|Any CPU.Build.0 = Debug|Any CPU
		{C29FF649-3026-4DB7-A634-52C7B911AEBE}.Release|Any CPU.ActiveCfg = Release|Any CPU
		{C29FF649-3026-4DB7-A634-52C7B911AEBE}.Release|Any CPU.Build.0 = Release|Any CPU
		{70B53CAF-F77D-4699-8E88-9176CCCC8B47}.Debug|Any CPU.ActiveCfg = Debug|Any CPU
		{70B53CAF-F77D-4699-8E88-9176CCCC8B47}.Debug|Any CPU.Build.0 = Debug|Any CPU
		{70B53CAF-F77D-4699-8E88-9176CCCC8B47}.Release|Any CPU.ActiveCfg = Release|Any CPU
		{70B53CAF-F77D-4699-8E88-9176CCCC8B47}.Release|Any CPU.Build.0 = Release|Any CPU
		{406EE9E6-1E2C-453D-B669-62125D64AE6A}.Debug|Any CPU.ActiveCfg = Debug|Any CPU
		{406EE9E6-1E2C-453D-B669-62125D64AE6A}.Debug|Any CPU.Build.0 = Debug|Any CPU
		{406EE9E6-1E2C-453D-B669-62125D64AE6A}.Release|Any CPU.ActiveCfg = Release|Any CPU
		{406EE9E6-1E2C-453D-B669-62125D64AE6A}.Release|Any CPU.Build.0 = Release|Any CPU
		{DD64BAFA-178A-4B17-ABF6-ED6B94936AD4}.Debug|Any CPU.ActiveCfg = Debug|Any CPU
		{DD64BAFA-178A-4B17-ABF6-ED6B94936AD4}.Debug|Any CPU.Build.0 = Debug|Any CPU
		{DD64BAFA-178A-4B17-ABF6-ED6B94936AD4}.Release|Any CPU.ActiveCfg = Release|Any CPU
		{DD64BAFA-178A-4B17-ABF6-ED6B94936AD4}.Release|Any CPU.Build.0 = Release|Any CPU
		{CA47CA40-2847-485A-B62E-87503A8044A8}.Debug|Any CPU.ActiveCfg = Debug|Any CPU
		{CA47CA40-2847-485A-B62E-87503A8044A8}.Debug|Any CPU.Build.0 = Debug|Any CPU
		{CA47CA40-2847-485A-B62E-87503A8044A8}.Release|Any CPU.ActiveCfg = Release|Any CPU
		{CA47CA40-2847-485A-B62E-87503A8044A8}.Release|Any CPU.Build.0 = Release|Any CPU
		{1025AAF8-E58E-4C85-9112-16B381DD3950}.Debug|Any CPU.ActiveCfg = Debug|Any CPU
		{1025AAF8-E58E-4C85-9112-16B381DD3950}.Debug|Any CPU.Build.0 = Debug|Any CPU
		{1025AAF8-E58E-4C85-9112-16B381DD3950}.Release|Any CPU.ActiveCfg = Release|Any CPU
		{1025AAF8-E58E-4C85-9112-16B381DD3950}.Release|Any CPU.Build.0 = Release|Any CPU
		{3DAFBE4F-5139-4FDD-865F-9E1DB402DE50}.Debug|Any CPU.ActiveCfg = Debug|Any CPU
		{3DAFBE4F-5139-4FDD-865F-9E1DB402DE50}.Debug|Any CPU.Build.0 = Debug|Any CPU
		{3DAFBE4F-5139-4FDD-865F-9E1DB402DE50}.Release|Any CPU.ActiveCfg = Release|Any CPU
		{3DAFBE4F-5139-4FDD-865F-9E1DB402DE50}.Release|Any CPU.Build.0 = Release|Any CPU
		{871E4B63-DA11-420C-B71C-828E23EAE2C2}.Debug|Any CPU.ActiveCfg = Debug|Any CPU
		{871E4B63-DA11-420C-B71C-828E23EAE2C2}.Debug|Any CPU.Build.0 = Debug|Any CPU
		{871E4B63-DA11-420C-B71C-828E23EAE2C2}.Release|Any CPU.ActiveCfg = Release|Any CPU
		{871E4B63-DA11-420C-B71C-828E23EAE2C2}.Release|Any CPU.Build.0 = Release|Any CPU
		{B7A47D93-6A5F-4C91-AF78-6256CA387840}.Debug|Any CPU.ActiveCfg = Debug|Any CPU
		{B7A47D93-6A5F-4C91-AF78-6256CA387840}.Debug|Any CPU.Build.0 = Debug|Any CPU
		{B7A47D93-6A5F-4C91-AF78-6256CA387840}.Release|Any CPU.ActiveCfg = Release|Any CPU
		{B7A47D93-6A5F-4C91-AF78-6256CA387840}.Release|Any CPU.Build.0 = Release|Any CPU
		{6464DC58-1E29-4884-9BF9-2D42BF348308}.Debug|Any CPU.ActiveCfg = Debug|Any CPU
		{6464DC58-1E29-4884-9BF9-2D42BF348308}.Debug|Any CPU.Build.0 = Debug|Any CPU
		{6464DC58-1E29-4884-9BF9-2D42BF348308}.Release|Any CPU.ActiveCfg = Release|Any CPU
		{6464DC58-1E29-4884-9BF9-2D42BF348308}.Release|Any CPU.Build.0 = Release|Any CPU
		{4E8AFE67-4F79-4541-8752-59F9BA0B11F7}.Debug|Any CPU.ActiveCfg = Debug|Any CPU
		{4E8AFE67-4F79-4541-8752-59F9BA0B11F7}.Debug|Any CPU.Build.0 = Debug|Any CPU
		{4E8AFE67-4F79-4541-8752-59F9BA0B11F7}.Release|Any CPU.ActiveCfg = Release|Any CPU
		{4E8AFE67-4F79-4541-8752-59F9BA0B11F7}.Release|Any CPU.Build.0 = Release|Any CPU
	EndGlobalSection
	GlobalSection(SolutionProperties) = preSolution
		HideSolutionNode = FALSE
	EndGlobalSection
	GlobalSection(NestedProjects) = preSolution
		{E1BBCBE7-767D-4D10-85FF-BC55473AAB91} = {4C7AB54D-5229-4327-A230-96D875BBC201}
		{D5B7F6DF-0399-4B88-951B-2962BEA483C2} = {4C7AB54D-5229-4327-A230-96D875BBC201}
		{AA96773E-B1DD-4588-B61B-975F825E6409} = {4C7AB54D-5229-4327-A230-96D875BBC201}
		{1019175D-0E9F-4BC8-AE89-3376D178FFA8} = {4C7AB54D-5229-4327-A230-96D875BBC201}
		{93B3D3D0-A4DA-46F6-BFF4-0D4E32853DCC} = {1019175D-0E9F-4BC8-AE89-3376D178FFA8}
		{4FDB1EAA-B32C-4C96-8948-A1F5D8BAB498} = {AA96773E-B1DD-4588-B61B-975F825E6409}
		{60CCEA83-910A-407D-987E-EA9D097C7548} = {AA96773E-B1DD-4588-B61B-975F825E6409}
		{8A560D8F-E8BF-4048-A87C-B3BD7CCAF13B} = {AA96773E-B1DD-4588-B61B-975F825E6409}
		{BE7A4370-C220-45E8-8F73-3FD1FECC9029} = {D5B7F6DF-0399-4B88-951B-2962BEA483C2}
		{61BAD074-986A-4A99-B6B1-BAC6E9B53BB2} = {E1BBCBE7-767D-4D10-85FF-BC55473AAB91}
		{F379284D-3736-45EB-B94B-92B3730897D0} = {1019175D-0E9F-4BC8-AE89-3376D178FFA8}
		{3CC4297C-061E-4171-A765-B2E36890B7DD} = {9F0DC5B8-98FD-4BF7-92F1-C9FE95B1910D}
		{3C27B400-F402-451F-8BEA-D284305E06FC} = {9F0DC5B8-98FD-4BF7-92F1-C9FE95B1910D}
		{CE93F948-0371-4880-AE45-10860F88AF51} = {9F0DC5B8-98FD-4BF7-92F1-C9FE95B1910D}
		{42B4DCDE-F2BE-4E1C-B0FB-9954B349BDDE} = {9F0DC5B8-98FD-4BF7-92F1-C9FE95B1910D}
		{80C70093-47FD-4F2B-B48E-3035D3037DFE} = {1019175D-0E9F-4BC8-AE89-3376D178FFA8}
		{E317DF11-EE15-4EB3-A8D6-9446D72FA9ED} = {1019175D-0E9F-4BC8-AE89-3376D178FFA8}
		{AAA5915A-9A92-4977-9CDC-852187FDEA4E} = {9F0DC5B8-98FD-4BF7-92F1-C9FE95B1910D}
		{81F809E6-6796-4083-87F3-036BADDD35DE} = {AA96773E-B1DD-4588-B61B-975F825E6409}
		{79716921-A21D-4D9E-9689-F62A7E11EFB5} = {9F0DC5B8-98FD-4BF7-92F1-C9FE95B1910D}
		{959A3325-9A37-4D8C-957D-99AA041154A1} = {37182D4C-87D7-4616-B3C1-3A4604BB976C}
		{7CF5ACA3-991C-4CDD-870C-175A84678A48} = {37182D4C-87D7-4616-B3C1-3A4604BB976C}
		{2C4BF7A7-E899-4FCA-9EDC-4EC156D8AFEE} = {37182D4C-87D7-4616-B3C1-3A4604BB976C}
		{EF759DFF-F2B9-4A06-BABB-89C38A578E48} = {37182D4C-87D7-4616-B3C1-3A4604BB976C}
		{C29FF649-3026-4DB7-A634-52C7B911AEBE} = {7CF5ACA3-991C-4CDD-870C-175A84678A48}
		{70B53CAF-F77D-4699-8E88-9176CCCC8B47} = {2C4BF7A7-E899-4FCA-9EDC-4EC156D8AFEE}
		{406EE9E6-1E2C-453D-B669-62125D64AE6A} = {2C4BF7A7-E899-4FCA-9EDC-4EC156D8AFEE}
		{DD64BAFA-178A-4B17-ABF6-ED6B94936AD4} = {2C4BF7A7-E899-4FCA-9EDC-4EC156D8AFEE}
		{CA47CA40-2847-485A-B62E-87503A8044A8} = {2C4BF7A7-E899-4FCA-9EDC-4EC156D8AFEE}
		{1025AAF8-E58E-4C85-9112-16B381DD3950} = {EF759DFF-F2B9-4A06-BABB-89C38A578E48}
		{3DAFBE4F-5139-4FDD-865F-9E1DB402DE50} = {EF759DFF-F2B9-4A06-BABB-89C38A578E48}
		{871E4B63-DA11-420C-B71C-828E23EAE2C2} = {EF759DFF-F2B9-4A06-BABB-89C38A578E48}
		{B7A47D93-6A5F-4C91-AF78-6256CA387840} = {9F0DC5B8-98FD-4BF7-92F1-C9FE95B1910D}
		{6464DC58-1E29-4884-9BF9-2D42BF348308} = {9F0DC5B8-98FD-4BF7-92F1-C9FE95B1910D}
		{4E8AFE67-4F79-4541-8752-59F9BA0B11F7} = {9F0DC5B8-98FD-4BF7-92F1-C9FE95B1910D}
	EndGlobalSection
	GlobalSection(ExtensibilityGlobals) = postSolution
		SolutionGuid = {20201CC6-3546-485E-B814-03C4338CE2E9}
	EndGlobalSection
EndGlobal
