
Microsoft Visual Studio Solution File, Format Version 12.00
# Visual Studio Version 17
VisualStudioVersion = 17.9.34701.34
MinimumVisualStudioVersion = 10.0.40219.1
Project("{2150E333-8FDC-42A3-9474-1A3956D46DE8}") = "1.API-ADMIN", "1.API-ADMIN", "{4C7AB54D-5229-4327-A230-96D875BBC201}"
EndProject
Project("{2150E333-8FDC-42A3-9474-1A3956D46DE8}") = "1.UI", "1.UI", "{E1BBCBE7-767D-4D10-85FF-BC55473AAB91}"
EndProject
Project("{2150E333-8FDC-42A3-9474-1A3956D46DE8}") = "2.API", "2.API", "{D5B7F6DF-0399-4B88-951B-2962BEA483C2}"
EndProject
Project("{2150E333-8FDC-42A3-9474-1A3956D46DE8}") = "3.CORE", "3.CORE", "{AA96773E-B1DD-4588-B61B-975F825E6409}"
EndProject
Project("{2150E333-8FDC-42A3-9474-1A3956D46DE8}") = "4.MODELS", "4.MODELS", "{1019175D-0E9F-4BC8-AE89-3376D178FFA8}"
EndProject
Project("{2150E333-8FDC-42A3-9474-1A3956D46DE8}") = "COMMON", "COMMON", "{9F0DC5B8-98FD-4BF7-92F1-C9FE95B1910D}"
EndProject
Project("{9A19103F-16F7-4668-BE54-9A1E7A4F7556}") = "Admin.Entities", "Admin.Entities\Admin.Entities.csproj", "{93B3D3D0-A4DA-46F6-BFF4-0D4E32853DCC}"
EndProject
Project("{9A19103F-16F7-4668-BE54-9A1E7A4F7556}") = "Admin.Repositories", "Admin.Repositories\Admin.Repositories.csproj", "{628F54E5-E902-4AEA-81ED-7F594CC3CA6E}"
EndProject
Project("{2150E333-8FDC-42A3-9474-1A3956D46DE8}") = "Elementos de la solución", "Elementos de la solución", "{545F6558-73BE-4874-BE3A-CC5F4A25810F}"
	ProjectSection(SolutionItems) = preProject
		..\yml\docker-compose.yml = ..\yml\docker-compose.yml
	EndProjectSection
EndProject
Project("{FAE04EC0-301F-11D3-BF4B-00C04F79EFBC}") = "Admin.DTO", "Admin.DTO\Admin.DTO.csproj", "{4FDB1EAA-B32C-4C96-8948-A1F5D8BAB498}"
EndProject
Project("{FAE04EC0-301F-11D3-BF4B-00C04F79EFBC}") = "Admin.Interfaces", "Admin.Interfaces\Admin.Interfaces.csproj", "{60CCEA83-910A-407D-987E-EA9D097C7548}"
EndProject
Project("{FAE04EC0-301F-11D3-BF4B-00C04F79EFBC}") = "Admin.Services", "Admin.Service\Admin.Services.csproj", "{8A560D8F-E8BF-4048-A87C-B3BD7CCAF13B}"
EndProject
Project("{FAE04EC0-301F-11D3-BF4B-00C04F79EFBC}") = "Admin.api", "Admin.api\Admin.api.csproj", "{BE7A4370-C220-45E8-8F73-3FD1FECC9029}"
EndProject
Project("{FAE04EC0-301F-11D3-BF4B-00C04F79EFBC}") = "Admin.UI", "Admin.UI\Admin.UI.csproj", "{61BAD074-986A-4A99-B6B1-BAC6E9B53BB2}"
EndProject
Global
	GlobalSection(SolutionConfigurationPlatforms) = preSolution
		Debug|Any CPU = Debug|Any CPU
		Release|Any CPU = Release|Any CPU
	EndGlobalSection
	GlobalSection(ProjectConfigurationPlatforms) = postSolution
		{93B3D3D0-A4DA-46F6-BFF4-0D4E32853DCC}.Debug|Any CPU.ActiveCfg = Debug|Any CPU
		{93B3D3D0-A4DA-46F6-BFF4-0D4E32853DCC}.Debug|Any CPU.Build.0 = Debug|Any CPU
		{93B3D3D0-A4DA-46F6-BFF4-0D4E32853DCC}.Release|Any CPU.ActiveCfg = Release|Any CPU
		{93B3D3D0-A4DA-46F6-BFF4-0D4E32853DCC}.Release|Any CPU.Build.0 = Release|Any CPU
		{628F54E5-E902-4AEA-81ED-7F594CC3CA6E}.Debug|Any CPU.ActiveCfg = Debug|Any CPU
		{628F54E5-E902-4AEA-81ED-7F594CC3CA6E}.Debug|Any CPU.Build.0 = Debug|Any CPU
		{628F54E5-E902-4AEA-81ED-7F594CC3CA6E}.Release|Any CPU.ActiveCfg = Release|Any CPU
		{628F54E5-E902-4AEA-81ED-7F594CC3CA6E}.Release|Any CPU.Build.0 = Release|Any CPU
		{4FDB1EAA-B32C-4C96-8948-A1F5D8BAB498}.Debug|Any CPU.ActiveCfg = Debug|Any CPU
		{4FDB1EAA-B32C-4C96-8948-A1F5D8BAB498}.Debug|Any CPU.Build.0 = Debug|Any CPU
		{4FDB1EAA-B32C-4C96-8948-A1F5D8BAB498}.Release|Any CPU.ActiveCfg = Release|Any CPU
		{4FDB1EAA-B32C-4C96-8948-A1F5D8BAB498}.Release|Any CPU.Build.0 = Release|Any CPU
		{60CCEA83-910A-407D-987E-EA9D097C7548}.Debug|Any CPU.ActiveCfg = Debug|Any CPU
		{60CCEA83-910A-407D-987E-EA9D097C7548}.Debug|Any CPU.Build.0 = Debug|Any CPU
		{60CCEA83-910A-407D-987E-EA9D097C7548}.Release|Any CPU.ActiveCfg = Release|Any CPU
		{60CCEA83-910A-407D-987E-EA9D097C7548}.Release|Any CPU.Build.0 = Release|Any CPU
		{8A560D8F-E8BF-4048-A87C-B3BD7CCAF13B}.Debug|Any CPU.ActiveCfg = Debug|Any CPU
		{8A560D8F-E8BF-4048-A87C-B3BD7CCAF13B}.Debug|Any CPU.Build.0 = Debug|Any CPU
		{8A560D8F-E8BF-4048-A87C-B3BD7CCAF13B}.Release|Any CPU.ActiveCfg = Release|Any CPU
		{8A560D8F-E8BF-4048-A87C-B3BD7CCAF13B}.Release|Any CPU.Build.0 = Release|Any CPU
		{BE7A4370-C220-45E8-8F73-3FD1FECC9029}.Debug|Any CPU.ActiveCfg = Debug|Any CPU
		{BE7A4370-C220-45E8-8F73-3FD1FECC9029}.Debug|Any CPU.Build.0 = Debug|Any CPU
		{BE7A4370-C220-45E8-8F73-3FD1FECC9029}.Release|Any CPU.ActiveCfg = Release|Any CPU
		{BE7A4370-C220-45E8-8F73-3FD1FECC9029}.Release|Any CPU.Build.0 = Release|Any CPU
		{61BAD074-986A-4A99-B6B1-BAC6E9B53BB2}.Debug|Any CPU.ActiveCfg = Debug|Any CPU
		{61BAD074-986A-4A99-B6B1-BAC6E9B53BB2}.Debug|Any CPU.Build.0 = Debug|Any CPU
		{61BAD074-986A-4A99-B6B1-BAC6E9B53BB2}.Release|Any CPU.ActiveCfg = Release|Any CPU
		{61BAD074-986A-4A99-B6B1-BAC6E9B53BB2}.Release|Any CPU.Build.0 = Release|Any CPU
	EndGlobalSection
	GlobalSection(SolutionProperties) = preSolution
		HideSolutionNode = FALSE
	EndGlobalSection
	GlobalSection(NestedProjects) = preSolution
		{E1BBCBE7-767D-4D10-85FF-BC55473AAB91} = {4C7AB54D-5229-4327-A230-96D875BBC201}
		{D5B7F6DF-0399-4B88-951B-2962BEA483C2} = {4C7AB54D-5229-4327-A230-96D875BBC201}
		{AA96773E-B1DD-4588-B61B-975F825E6409} = {4C7AB54D-5229-4327-A230-96D875BBC201}
		{1019175D-0E9F-4BC8-AE89-3376D178FFA8} = {4C7AB54D-5229-4327-A230-96D875BBC201}
		{9F0DC5B8-98FD-4BF7-92F1-C9FE95B1910D} = {4C7AB54D-5229-4327-A230-96D875BBC201}
		{93B3D3D0-A4DA-46F6-BFF4-0D4E32853DCC} = {1019175D-0E9F-4BC8-AE89-3376D178FFA8}
		{628F54E5-E902-4AEA-81ED-7F594CC3CA6E} = {1019175D-0E9F-4BC8-AE89-3376D178FFA8}
		{4FDB1EAA-B32C-4C96-8948-A1F5D8BAB498} = {AA96773E-B1DD-4588-B61B-975F825E6409}
		{60CCEA83-910A-407D-987E-EA9D097C7548} = {AA96773E-B1DD-4588-B61B-975F825E6409}
		{8A560D8F-E8BF-4048-A87C-B3BD7CCAF13B} = {AA96773E-B1DD-4588-B61B-975F825E6409}
		{BE7A4370-C220-45E8-8F73-3FD1FECC9029} = {D5B7F6DF-0399-4B88-951B-2962BEA483C2}
		{61BAD074-986A-4A99-B6B1-BAC6E9B53BB2} = {E1BBCBE7-767D-4D10-85FF-BC55473AAB91}
	EndGlobalSection
	GlobalSection(ExtensibilityGlobals) = postSolution
		SolutionGuid = {20201CC6-3546-485E-B814-03C4338CE2E9}
	EndGlobalSection
EndGlobal
